
Microsoft Visual Studio Solution File, Format Version 12.00
# Visual Studio Version 17
VisualStudioVersion = 17.12.35527.113
MinimumVisualStudioVersion = 10.0.40219.1
Project("{FAE04EC0-301F-11D3-BF4B-00C04F79EFBC}") = "Ven.Backend", "Ven.Backend\Ven.Backend.csproj", "{A7CF4BD7-02A8-4E01-A290-CEA0C68263E0}"
EndProject
Project("{FAE04EC0-301F-11D3-BF4B-00C04F79EFBC}") = "Ven.Frontend", "Ven.Frontend\Ven.Frontend.csproj", "{719899A4-9879-4F4E-B105-8B484ED71C21}"
EndProject
Project("{FAE04EC0-301F-11D3-BF4B-00C04F79EFBC}") = "Ven.Shared", "Ven.Shared\Ven.Shared.csproj", "{A5276B76-F777-4771-8715-ADABB61FC42E}"
EndProject
Project("{FAE04EC0-301F-11D3-BF4B-00C04F79EFBC}") = "Ven.AccessData", "Ven.AccessData\Ven.AccessData.csproj", "{CDAE4F7F-2F3F-4A90-B3F7-0943B0D69E34}"
EndProject
Global
	GlobalSection(SolutionConfigurationPlatforms) = preSolution
		Debug|Any CPU = Debug|Any CPU
		Release|Any CPU = Release|Any CPU
	EndGlobalSection
	GlobalSection(ProjectConfigurationPlatforms) = postSolution
		{A7CF4BD7-02A8-4E01-A290-CEA0C68263E0}.Debug|Any CPU.ActiveCfg = Debug|Any CPU
		{A7CF4BD7-02A8-4E01-A290-CEA0C68263E0}.Debug|Any CPU.Build.0 = Debug|Any CPU
		{A7CF4BD7-02A8-4E01-A290-CEA0C68263E0}.Release|Any CPU.ActiveCfg = Release|Any CPU
		{A7CF4BD7-02A8-4E01-A290-CEA0C68263E0}.Release|Any CPU.Build.0 = Release|Any CPU
		{719899A4-9879-4F4E-B105-8B484ED71C21}.Debug|Any CPU.ActiveCfg = Debug|Any CPU
		{719899A4-9879-4F4E-B105-8B484ED71C21}.Debug|Any CPU.Build.0 = Debug|Any CPU
		{719899A4-9879-4F4E-B105-8B484ED71C21}.Release|Any CPU.ActiveCfg = Release|Any CPU
		{719899A4-9879-4F4E-B105-8B484ED71C21}.Release|Any CPU.Build.0 = Release|Any CPU
		{A5276B76-F777-4771-8715-ADABB61FC42E}.Debug|Any CPU.ActiveCfg = Debug|Any CPU
		{A5276B76-F777-4771-8715-ADABB61FC42E}.Debug|Any CPU.Build.0 = Debug|Any CPU
		{A5276B76-F777-4771-8715-ADABB61FC42E}.Release|Any CPU.ActiveCfg = Release|Any CPU
		{A5276B76-F777-4771-8715-ADABB61FC42E}.Release|Any CPU.Build.0 = Release|Any CPU
		{CDAE4F7F-2F3F-4A90-B3F7-0943B0D69E34}.Debug|Any CPU.ActiveCfg = Debug|Any CPU
		{CDAE4F7F-2F3F-4A90-B3F7-0943B0D69E34}.Debug|Any CPU.Build.0 = Debug|Any CPU
		{CDAE4F7F-2F3F-4A90-B3F7-0943B0D69E34}.Release|Any CPU.ActiveCfg = Release|Any CPU
		{CDAE4F7F-2F3F-4A90-B3F7-0943B0D69E34}.Release|Any CPU.Build.0 = Release|Any CPU
	EndGlobalSection
	GlobalSection(SolutionProperties) = preSolution
		HideSolutionNode = FALSE
	EndGlobalSection
EndGlobal
